{
  "name": "up",
  "version": "1.0.0",
  "lockfileVersion": 1,
  "requires": true,
  "dependencies": {
    "loadash": {
      "version": "1.0.0",
      "resolved": "http://192.168.102.79:5001/loadash/-/loadash-1.0.0.tgz",
      "integrity": "sha1-uS5U2AnzwiX0+anPuurltW3hyp8=",
      "dev": true
    },
    "lodash": {
      "version": "4.17.19",
      "resolved": "http://192.168.102.79:5001/lodash/-/lodash-4.17.19.tgz",
      "integrity": "sha1-5I3e2+MLMyF4PFtDAfvTU7weSks="
    }
  }
}
